
Microsoft Visual Studio Solution File, Format Version 12.00
# Visual Studio Version 17
VisualStudioVersion = 17.2.32602.215
MinimumVisualStudioVersion = 10.0.40219.1
Project("{FAE04EC0-301F-11D3-BF4B-00C04F79EFBC}") = "WebAPI", "WebAPI\WebAPI.csproj", "{EE33CC19-36B5-4E97-A4C3-BEAE27E14FC7}"
EndProject
Global
	GlobalSection(SolutionConfigurationPlatforms) = preSolution
		Debug|Any CPU = Debug|Any CPU
		Release|Any CPU = Release|Any CPU
	EndGlobalSection
	GlobalSection(ProjectConfigurationPlatforms) = postSolution
		{EE33CC19-36B5-4E97-A4C3-BEAE27E14FC7}.Debug|Any CPU.ActiveCfg = Debug|Any CPU
		{EE33CC19-36B5-4E97-A4C3-BEAE27E14FC7}.Debug|Any CPU.Build.0 = Debug|Any CPU
		{EE33CC19-36B5-4E97-A4C3-BEAE27E14FC7}.Release|Any CPU.ActiveCfg = Release|Any CPU
		{EE33CC19-36B5-4E97-A4C3-BEAE27E14FC7}.Release|Any CPU.Build.0 = Release|Any CPU
	EndGlobalSection
	GlobalSection(SolutionProperties) = preSolution
		HideSolutionNode = FALSE
	EndGlobalSection
	GlobalSection(ExtensibilityGlobals) = postSolution
		SolutionGuid = {747B1585-8C6A-458D-B993-974295F481AA}
	EndGlobalSection
EndGlobal
